
Microsoft Visual Studio Solution File, Format Version 12.00
# Visual Studio Version 17
VisualStudioVersion = 17.7.34018.315
MinimumVisualStudioVersion = 10.0.40219.1
Project("{FAE04EC0-301F-11D3-BF4B-00C04F79EFBC}") = "IMS.WebApp", "IMS.WebApp\IMS.WebApp.csproj", "{353326BC-EE5F-4849-A345-1AECCD09511A}"
EndProject
Project("{FAE04EC0-301F-11D3-BF4B-00C04F79EFBC}") = "IMS.UseCases", "IMS.UseCases\IMS.UseCases.csproj", "{500AEC8E-1F7A-4F58-BF91-760CA0A03D61}"
EndProject
Project("{FAE04EC0-301F-11D3-BF4B-00C04F79EFBC}") = "IMS.CoreBusiness", "IMS.CoreBusiness\IMS.CoreBusiness.csproj", "{12F51CB4-1799-450F-8007-91D2906DCAC3}"
EndProject
Project("{2150E333-8FDC-42A3-9474-1A3956D46DE8}") = "IMS.Plugins", "IMS.Plugins", "{39EA5E76-3E3A-4424-9006-51D917998E9A}"
EndProject
Project("{FAE04EC0-301F-11D3-BF4B-00C04F79EFBC}") = "IMS.Plugins.EFCoreSqlServer", "IMS.Plugins\IMS.Plugins.EFCoreSqlServer\IMS.Plugins.EFCoreSqlServer.csproj", "{961EEF78-EAA8-46E7-B242-83FF7E1D1D3D}"
EndProject
Global
	GlobalSection(SolutionConfigurationPlatforms) = preSolution
		Debug|Any CPU = Debug|Any CPU
		Release|Any CPU = Release|Any CPU
	EndGlobalSection
	GlobalSection(ProjectConfigurationPlatforms) = postSolution
		{353326BC-EE5F-4849-A345-1AECCD09511A}.Debug|Any CPU.ActiveCfg = Debug|Any CPU
		{353326BC-EE5F-4849-A345-1AECCD09511A}.Debug|Any CPU.Build.0 = Debug|Any CPU
		{353326BC-EE5F-4849-A345-1AECCD09511A}.Release|Any CPU.ActiveCfg = Release|Any CPU
		{353326BC-EE5F-4849-A345-1AECCD09511A}.Release|Any CPU.Build.0 = Release|Any CPU
		{500AEC8E-1F7A-4F58-BF91-760CA0A03D61}.Debug|Any CPU.ActiveCfg = Debug|Any CPU
		{500AEC8E-1F7A-4F58-BF91-760CA0A03D61}.Debug|Any CPU.Build.0 = Debug|Any CPU
		{500AEC8E-1F7A-4F58-BF91-760CA0A03D61}.Release|Any CPU.ActiveCfg = Release|Any CPU
		{500AEC8E-1F7A-4F58-BF91-760CA0A03D61}.Release|Any CPU.Build.0 = Release|Any CPU
		{12F51CB4-1799-450F-8007-91D2906DCAC3}.Debug|Any CPU.ActiveCfg = Debug|Any CPU
		{12F51CB4-1799-450F-8007-91D2906DCAC3}.Debug|Any CPU.Build.0 = Debug|Any CPU
		{12F51CB4-1799-450F-8007-91D2906DCAC3}.Release|Any CPU.ActiveCfg = Release|Any CPU
		{12F51CB4-1799-450F-8007-91D2906DCAC3}.Release|Any CPU.Build.0 = Release|Any CPU
		{961EEF78-EAA8-46E7-B242-83FF7E1D1D3D}.Debug|Any CPU.ActiveCfg = Debug|Any CPU
		{961EEF78-EAA8-46E7-B242-83FF7E1D1D3D}.Debug|Any CPU.Build.0 = Debug|Any CPU
		{961EEF78-EAA8-46E7-B242-83FF7E1D1D3D}.Release|Any CPU.ActiveCfg = Release|Any CPU
		{961EEF78-EAA8-46E7-B242-83FF7E1D1D3D}.Release|Any CPU.Build.0 = Release|Any CPU
	EndGlobalSection
	GlobalSection(SolutionProperties) = preSolution
		HideSolutionNode = FALSE
	EndGlobalSection
	GlobalSection(NestedProjects) = preSolution
		{961EEF78-EAA8-46E7-B242-83FF7E1D1D3D} = {39EA5E76-3E3A-4424-9006-51D917998E9A}
	EndGlobalSection
	GlobalSection(ExtensibilityGlobals) = postSolution
		SolutionGuid = {8B5D1385-4C48-4153-99FF-27966F3D0A37}
	EndGlobalSection
EndGlobal
